
Microsoft Visual Studio Solution File, Format Version 12.00
# Visual Studio Version 16
VisualStudioVersion = 16.0.30523.141
MinimumVisualStudioVersion = 10.0.40219.1
Project("{FAE04EC0-301F-11D3-BF4B-00C04F79EFBC}") = "ExceptionHandler", "ExceptionHandler.csproj", "{DAEBBFAB-F68D-44EC-AA08-5854BE8DD485}"
EndProject
Global
	GlobalSection(SolutionConfigurationPlatforms) = preSolution
		Debug|Any CPU = Debug|Any CPU
		Release|Any CPU = Release|Any CPU
	EndGlobalSection
	GlobalSection(ProjectConfigurationPlatforms) = postSolution
		{DAEBBFAB-F68D-44EC-AA08-5854BE8DD485}.Debug|Any CPU.ActiveCfg = Debug|Any CPU
		{DAEBBFAB-F68D-44EC-AA08-5854BE8DD485}.Debug|Any CPU.Build.0 = Debug|Any CPU
		{DAEBBFAB-F68D-44EC-AA08-5854BE8DD485}.Release|Any CPU.ActiveCfg = Release|Any CPU
		{DAEBBFAB-F68D-44EC-AA08-5854BE8DD485}.Release|Any CPU.Build.0 = Release|Any CPU
	EndGlobalSection
	GlobalSection(SolutionProperties) = preSolution
		HideSolutionNode = FALSE
	EndGlobalSection
	GlobalSection(ExtensibilityGlobals) = postSolution
		SolutionGuid = {00DF2E72-74F6-449C-A602-9A2B249A54E6}
	EndGlobalSection
EndGlobal
