
Microsoft Visual Studio Solution File, Format Version 12.00
# Visual Studio Version 16
VisualStudioVersion = 16.0.30503.244
MinimumVisualStudioVersion = 10.0.40219.1
Project("{FAE04EC0-301F-11D3-BF4B-00C04F79EFBC}") = "CarpetCalculatorDemo", "CarpetCalculatorDemo.csproj", "{27A83605-2CBC-4411-B56F-0109E5CE4E1B}"
EndProject
Global
	GlobalSection(SolutionConfigurationPlatforms) = preSolution
		Debug|Any CPU = Debug|Any CPU
		Release|Any CPU = Release|Any CPU
	EndGlobalSection
	GlobalSection(ProjectConfigurationPlatforms) = postSolution
		{27A83605-2CBC-4411-B56F-0109E5CE4E1B}.Debug|Any CPU.ActiveCfg = Debug|Any CPU
		{27A83605-2CBC-4411-B56F-0109E5CE4E1B}.Debug|Any CPU.Build.0 = Debug|Any CPU
		{27A83605-2CBC-4411-B56F-0109E5CE4E1B}.Release|Any CPU.ActiveCfg = Release|Any CPU
		{27A83605-2CBC-4411-B56F-0109E5CE4E1B}.Release|Any CPU.Build.0 = Release|Any CPU
	EndGlobalSection
	GlobalSection(SolutionProperties) = preSolution
		HideSolutionNode = FALSE
	EndGlobalSection
	GlobalSection(ExtensibilityGlobals) = postSolution
		SolutionGuid = {138D38B9-9B45-491F-B2D8-D9F49FF5D2D7}
	EndGlobalSection
EndGlobal
