
Microsoft Visual Studio Solution File, Format Version 12.00
# Visual Studio Version 16
VisualStudioVersion = 16.0.29519.87
MinimumVisualStudioVersion = 10.0.40219.1
Project("{FAE04EC0-301F-11D3-BF4B-00C04F79EFBC}") = "Lec8_Arrays", "Lec8_Arrays\Lec8_Arrays.csproj", "{AE557E18-8D09-4B1B-9B25-30507D25F353}"
EndProject
Global
	GlobalSection(SolutionConfigurationPlatforms) = preSolution
		Debug|Any CPU = Debug|Any CPU
		Release|Any CPU = Release|Any CPU
	EndGlobalSection
	GlobalSection(ProjectConfigurationPlatforms) = postSolution
		{AE557E18-8D09-4B1B-9B25-30507D25F353}.Debug|Any CPU.ActiveCfg = Debug|Any CPU
		{AE557E18-8D09-4B1B-9B25-30507D25F353}.Debug|Any CPU.Build.0 = Debug|Any CPU
		{AE557E18-8D09-4B1B-9B25-30507D25F353}.Release|Any CPU.ActiveCfg = Release|Any CPU
		{AE557E18-8D09-4B1B-9B25-30507D25F353}.Release|Any CPU.Build.0 = Release|Any CPU
	EndGlobalSection
	GlobalSection(SolutionProperties) = preSolution
		HideSolutionNode = FALSE
	EndGlobalSection
	GlobalSection(ExtensibilityGlobals) = postSolution
		SolutionGuid = {5BBF01FF-C0EA-4479-A06E-62D3FF8DB35C}
	EndGlobalSection
EndGlobal
