
Microsoft Visual Studio Solution File, Format Version 12.00
# Visual Studio Version 16
VisualStudioVersion = 16.0.30523.141
MinimumVisualStudioVersion = 10.0.40219.1
Project("{FAE04EC0-301F-11D3-BF4B-00C04F79EFBC}") = "AtmDemo", "AtmDemo.csproj", "{D31F99B2-79FD-47A4-90AE-E29AF577F801}"
EndProject
Global
	GlobalSection(SolutionConfigurationPlatforms) = preSolution
		Debug|Any CPU = Debug|Any CPU
		Release|Any CPU = Release|Any CPU
	EndGlobalSection
	GlobalSection(ProjectConfigurationPlatforms) = postSolution
		{D31F99B2-79FD-47A4-90AE-E29AF577F801}.Debug|Any CPU.ActiveCfg = Debug|Any CPU
		{D31F99B2-79FD-47A4-90AE-E29AF577F801}.Debug|Any CPU.Build.0 = Debug|Any CPU
		{D31F99B2-79FD-47A4-90AE-E29AF577F801}.Release|Any CPU.ActiveCfg = Release|Any CPU
		{D31F99B2-79FD-47A4-90AE-E29AF577F801}.Release|Any CPU.Build.0 = Release|Any CPU
	EndGlobalSection
	GlobalSection(SolutionProperties) = preSolution
		HideSolutionNode = FALSE
	EndGlobalSection
	GlobalSection(ExtensibilityGlobals) = postSolution
		SolutionGuid = {E8BDE879-F6CF-44F2-9F67-F0A3EDAFB356}
	EndGlobalSection
EndGlobal
