
Microsoft Visual Studio Solution File, Format Version 12.00
# Visual Studio Version 16
VisualStudioVersion = 16.0.30503.244
MinimumVisualStudioVersion = 10.0.40219.1
Project("{FAE04EC0-301F-11D3-BF4B-00C04F79EFBC}") = "Lec2DemoExercises", "Lec2DemoExercises.csproj", "{1BC33278-1C92-4A11-8FF7-CC65342E42FF}"
EndProject
Global
	GlobalSection(SolutionConfigurationPlatforms) = preSolution
		Debug|Any CPU = Debug|Any CPU
		Release|Any CPU = Release|Any CPU
	EndGlobalSection
	GlobalSection(ProjectConfigurationPlatforms) = postSolution
		{1BC33278-1C92-4A11-8FF7-CC65342E42FF}.Debug|Any CPU.ActiveCfg = Debug|Any CPU
		{1BC33278-1C92-4A11-8FF7-CC65342E42FF}.Debug|Any CPU.Build.0 = Debug|Any CPU
		{1BC33278-1C92-4A11-8FF7-CC65342E42FF}.Release|Any CPU.ActiveCfg = Release|Any CPU
		{1BC33278-1C92-4A11-8FF7-CC65342E42FF}.Release|Any CPU.Build.0 = Release|Any CPU
	EndGlobalSection
	GlobalSection(SolutionProperties) = preSolution
		HideSolutionNode = FALSE
	EndGlobalSection
	GlobalSection(ExtensibilityGlobals) = postSolution
		SolutionGuid = {44178B91-38BA-4C27-9E2E-BDCDCC840372}
	EndGlobalSection
EndGlobal
