
Microsoft Visual Studio Solution File, Format Version 12.00
# Visual Studio Version 16
VisualStudioVersion = 16.0.30413.136
MinimumVisualStudioVersion = 10.0.40219.1
Project("{FAE04EC0-301F-11D3-BF4B-00C04F79EFBC}") = "Lec3Demo", "Lec3Demo\Lec3Demo.csproj", "{CFF1632A-0D23-4A3D-B1B1-77C77B5838EB}"
EndProject
Global
	GlobalSection(SolutionConfigurationPlatforms) = preSolution
		Debug|Any CPU = Debug|Any CPU
		Release|Any CPU = Release|Any CPU
	EndGlobalSection
	GlobalSection(ProjectConfigurationPlatforms) = postSolution
		{CFF1632A-0D23-4A3D-B1B1-77C77B5838EB}.Debug|Any CPU.ActiveCfg = Debug|Any CPU
		{CFF1632A-0D23-4A3D-B1B1-77C77B5838EB}.Debug|Any CPU.Build.0 = Debug|Any CPU
		{CFF1632A-0D23-4A3D-B1B1-77C77B5838EB}.Release|Any CPU.ActiveCfg = Release|Any CPU
		{CFF1632A-0D23-4A3D-B1B1-77C77B5838EB}.Release|Any CPU.Build.0 = Release|Any CPU
	EndGlobalSection
	GlobalSection(SolutionProperties) = preSolution
		HideSolutionNode = FALSE
	EndGlobalSection
	GlobalSection(ExtensibilityGlobals) = postSolution
		SolutionGuid = {0FB769B7-DD38-4803-B822-7567E7537C33}
	EndGlobalSection
EndGlobal
