
Microsoft Visual Studio Solution File, Format Version 12.00
# Visual Studio Version 16
VisualStudioVersion = 16.0.30523.141
MinimumVisualStudioVersion = 10.0.40219.1
Project("{FAE04EC0-301F-11D3-BF4B-00C04F79EFBC}") = "ApplicationForm", "ApplicationForm.csproj", "{FCF8BC2D-1047-451C-8AD3-909DBA3B980D}"
EndProject
Global
	GlobalSection(SolutionConfigurationPlatforms) = preSolution
		Debug|Any CPU = Debug|Any CPU
		Release|Any CPU = Release|Any CPU
	EndGlobalSection
	GlobalSection(ProjectConfigurationPlatforms) = postSolution
		{FCF8BC2D-1047-451C-8AD3-909DBA3B980D}.Debug|Any CPU.ActiveCfg = Debug|Any CPU
		{FCF8BC2D-1047-451C-8AD3-909DBA3B980D}.Debug|Any CPU.Build.0 = Debug|Any CPU
		{FCF8BC2D-1047-451C-8AD3-909DBA3B980D}.Release|Any CPU.ActiveCfg = Release|Any CPU
		{FCF8BC2D-1047-451C-8AD3-909DBA3B980D}.Release|Any CPU.Build.0 = Release|Any CPU
	EndGlobalSection
	GlobalSection(SolutionProperties) = preSolution
		HideSolutionNode = FALSE
	EndGlobalSection
	GlobalSection(ExtensibilityGlobals) = postSolution
		SolutionGuid = {94AB5034-8EC2-43C6-B6FB-5322ED2D76CA}
	EndGlobalSection
EndGlobal
