
Microsoft Visual Studio Solution File, Format Version 12.00
# Visual Studio Version 16
VisualStudioVersion = 16.0.30413.136
MinimumVisualStudioVersion = 10.0.40219.1
Project("{FAE04EC0-301F-11D3-BF4B-00C04F79EFBC}") = "RealEstInvest", "RealEstInvest\RealEstInvest.csproj", "{CA6A9454-293C-4953-8438-7CA1C057F4A4}"
EndProject
Global
	GlobalSection(SolutionConfigurationPlatforms) = preSolution
		Debug|Any CPU = Debug|Any CPU
		Release|Any CPU = Release|Any CPU
	EndGlobalSection
	GlobalSection(ProjectConfigurationPlatforms) = postSolution
		{CA6A9454-293C-4953-8438-7CA1C057F4A4}.Debug|Any CPU.ActiveCfg = Debug|Any CPU
		{CA6A9454-293C-4953-8438-7CA1C057F4A4}.Debug|Any CPU.Build.0 = Debug|Any CPU
		{CA6A9454-293C-4953-8438-7CA1C057F4A4}.Release|Any CPU.ActiveCfg = Release|Any CPU
		{CA6A9454-293C-4953-8438-7CA1C057F4A4}.Release|Any CPU.Build.0 = Release|Any CPU
	EndGlobalSection
	GlobalSection(SolutionProperties) = preSolution
		HideSolutionNode = FALSE
	EndGlobalSection
	GlobalSection(ExtensibilityGlobals) = postSolution
		SolutionGuid = {E5093BD5-CF07-4BBD-AD6F-E2A7A620BCE2}
	EndGlobalSection
EndGlobal
